
Microsoft Visual Studio Solution File, Format Version 12.00
# Visual Studio Version 17
VisualStudioVersion = 17.14.36518.9 d17.14
MinimumVisualStudioVersion = 10.0.40219.1
Project("{FAE04EC0-301F-11D3-BF4B-00C04F79EFBC}") = "Test", "Test\Test.csproj", "{383899D1-FC7B-45A5-90CC-6F6CBF684FF3}"
EndProject
Project("{FAE04EC0-301F-11D3-BF4B-00C04F79EFBC}") = "TestTest", "TestTest\TestTest.csproj", "{530B00FD-B858-4A4A-B559-D3EF7B5FE58E}"
EndProject
Global
	GlobalSection(SolutionConfigurationPlatforms) = preSolution
		Debug|Any CPU = Debug|Any CPU
		Release|Any CPU = Release|Any CPU
	EndGlobalSection
	GlobalSection(ProjectConfigurationPlatforms) = postSolution
		{383899D1-FC7B-45A5-90CC-6F6CBF684FF3}.Debug|Any CPU.ActiveCfg = Debug|Any CPU
		{383899D1-FC7B-45A5-90CC-6F6CBF684FF3}.Debug|Any CPU.Build.0 = Debug|Any CPU
		{383899D1-FC7B-45A5-90CC-6F6CBF684FF3}.Release|Any CPU.ActiveCfg = Release|Any CPU
		{383899D1-FC7B-45A5-90CC-6F6CBF684FF3}.Release|Any CPU.Build.0 = Release|Any CPU
		{530B00FD-B858-4A4A-B559-D3EF7B5FE58E}.Debug|Any CPU.ActiveCfg = Debug|Any CPU
		{530B00FD-B858-4A4A-B559-D3EF7B5FE58E}.Debug|Any CPU.Build.0 = Debug|Any CPU
		{530B00FD-B858-4A4A-B559-D3EF7B5FE58E}.Release|Any CPU.ActiveCfg = Release|Any CPU
		{530B00FD-B858-4A4A-B559-D3EF7B5FE58E}.Release|Any CPU.Build.0 = Release|Any CPU
	EndGlobalSection
	GlobalSection(SolutionProperties) = preSolution
		HideSolutionNode = FALSE
	EndGlobalSection
	GlobalSection(ExtensibilityGlobals) = postSolution
		SolutionGuid = {796F1EF8-1546-4291-ACFC-EE025E01F563}
	EndGlobalSection
EndGlobal
